
Microsoft Visual Studio Solution File, Format Version 12.00
# Visual Studio Version 17
Project("{8BC9CEB8-8B4A-11D0-8D11-00A0C91BC942}") = "ALL_BUILD", "ALL_BUILD.vcxproj", "{D6494F19-D6E3-356F-9476-BC1DD94AD810}"
	ProjectSection(ProjectDependencies) = postProject
		{18137986-86CC-3CC5-8942-F9758477F138} = {18137986-86CC-3CC5-8942-F9758477F138}
		{2EBE4E32-7816-39A2-92EC-B5D9D77ADFC0} = {2EBE4E32-7816-39A2-92EC-B5D9D77ADFC0}
	EndProjectSection
EndProject
Project("{8BC9CEB8-8B4A-11D0-8D11-00A0C91BC942}") = "ZERO_CHECK", "ZERO_CHECK.vcxproj", "{18137986-86CC-3CC5-8942-F9758477F138}"
	ProjectSection(ProjectDependencies) = postProject
	EndProjectSection
EndProject
Project("{8BC9CEB8-8B4A-11D0-8D11-00A0C91BC942}") = "rt-plotter-sdl", "rt-plotter-sdl.vcxproj", "{2EBE4E32-7816-39A2-92EC-B5D9D77ADFC0}"
	ProjectSection(ProjectDependencies) = postProject
		{18137986-86CC-3CC5-8942-F9758477F138} = {18137986-86CC-3CC5-8942-F9758477F138}
	EndProjectSection
EndProject
Global
	GlobalSection(SolutionConfigurationPlatforms) = preSolution
		Debug|x64 = Debug|x64
		Release|x64 = Release|x64
		MinSizeRel|x64 = MinSizeRel|x64
		RelWithDebInfo|x64 = RelWithDebInfo|x64
	EndGlobalSection
	GlobalSection(ProjectConfigurationPlatforms) = postSolution
		{D6494F19-D6E3-356F-9476-BC1DD94AD810}.Debug|x64.ActiveCfg = Debug|x64
		{D6494F19-D6E3-356F-9476-BC1DD94AD810}.Release|x64.ActiveCfg = Release|x64
		{D6494F19-D6E3-356F-9476-BC1DD94AD810}.MinSizeRel|x64.ActiveCfg = MinSizeRel|x64
		{D6494F19-D6E3-356F-9476-BC1DD94AD810}.RelWithDebInfo|x64.ActiveCfg = RelWithDebInfo|x64
		{18137986-86CC-3CC5-8942-F9758477F138}.Debug|x64.ActiveCfg = Debug|x64
		{18137986-86CC-3CC5-8942-F9758477F138}.Debug|x64.Build.0 = Debug|x64
		{18137986-86CC-3CC5-8942-F9758477F138}.Release|x64.ActiveCfg = Release|x64
		{18137986-86CC-3CC5-8942-F9758477F138}.Release|x64.Build.0 = Release|x64
		{18137986-86CC-3CC5-8942-F9758477F138}.MinSizeRel|x64.ActiveCfg = MinSizeRel|x64
		{18137986-86CC-3CC5-8942-F9758477F138}.MinSizeRel|x64.Build.0 = MinSizeRel|x64
		{18137986-86CC-3CC5-8942-F9758477F138}.RelWithDebInfo|x64.ActiveCfg = RelWithDebInfo|x64
		{18137986-86CC-3CC5-8942-F9758477F138}.RelWithDebInfo|x64.Build.0 = RelWithDebInfo|x64
		{2EBE4E32-7816-39A2-92EC-B5D9D77ADFC0}.Debug|x64.ActiveCfg = Debug|x64
		{2EBE4E32-7816-39A2-92EC-B5D9D77ADFC0}.Debug|x64.Build.0 = Debug|x64
		{2EBE4E32-7816-39A2-92EC-B5D9D77ADFC0}.Release|x64.ActiveCfg = Release|x64
		{2EBE4E32-7816-39A2-92EC-B5D9D77ADFC0}.Release|x64.Build.0 = Release|x64
		{2EBE4E32-7816-39A2-92EC-B5D9D77ADFC0}.MinSizeRel|x64.ActiveCfg = MinSizeRel|x64
		{2EBE4E32-7816-39A2-92EC-B5D9D77ADFC0}.MinSizeRel|x64.Build.0 = MinSizeRel|x64
		{2EBE4E32-7816-39A2-92EC-B5D9D77ADFC0}.RelWithDebInfo|x64.ActiveCfg = RelWithDebInfo|x64
		{2EBE4E32-7816-39A2-92EC-B5D9D77ADFC0}.RelWithDebInfo|x64.Build.0 = RelWithDebInfo|x64
	EndGlobalSection
	GlobalSection(ExtensibilityGlobals) = postSolution
		SolutionGuid = {781FF154-0527-3EE0-8812-3A9BF1F81860}
	EndGlobalSection
	GlobalSection(ExtensibilityAddIns) = postSolution
	EndGlobalSection
EndGlobal
