<?xml version="1.0" encoding="utf-8"?>
<Project ToolsVersion="17.0" xmlns="http://schemas.microsoft.com/developer/msbuild/2003">
  <ItemGroup>
    <CustomBuild Include="C:\Users\ocanath\OcanathProj\rt-plotter-sdl\vsproj\CMakeFiles\861c5dcdd894dca276ef6854f5315e96\generate.stamp.rule">
      <Filter>CMake Rules</Filter>
    </CustomBuild>
  </ItemGroup>
  <ItemGroup>
    <Filter Include="CMake Rules">
      <UniqueIdentifier>{BDD135DE-B1A3-3A21-A0CE-27AC914027AE}</UniqueIdentifier>
    </Filter>
  </ItemGroup>
</Project>
